
Microsoft Visual Studio Solution File, Format Version 12.00
# Visual Studio Version 16
VisualStudioVersion = 16.0.30804.86
MinimumVisualStudioVersion = 10.0.40219.1
Project("{FAE04EC0-301F-11D3-BF4B-00C04F79EFBC}") = "TestSignalRServer", "TestSignalRServer\TestSignalRServer.csproj", "{04555FA9-6914-4337-858C-751CA308958D}"
EndProject
Global
	GlobalSection(SolutionConfigurationPlatforms) = preSolution
		Debug|Any CPU = Debug|Any CPU
		Release|Any CPU = Release|Any CPU
	EndGlobalSection
	GlobalSection(ProjectConfigurationPlatforms) = postSolution
		{04555FA9-6914-4337-858C-751CA308958D}.Debug|Any CPU.ActiveCfg = Debug|Any CPU
		{04555FA9-6914-4337-858C-751CA308958D}.Debug|Any CPU.Build.0 = Debug|Any CPU
		{04555FA9-6914-4337-858C-751CA308958D}.Release|Any CPU.ActiveCfg = Release|Any CPU
		{04555FA9-6914-4337-858C-751CA308958D}.Release|Any CPU.Build.0 = Release|Any CPU
	EndGlobalSection
	GlobalSection(SolutionProperties) = preSolution
		HideSolutionNode = FALSE
	EndGlobalSection
	GlobalSection(ExtensibilityGlobals) = postSolution
		SolutionGuid = {72042EF2-6DF2-46D7-B4E2-9BB03C14D0C6}
	EndGlobalSection
EndGlobal
